// !$*UTF8*$!
{
	archiveVersion = 1;
	classes = {
	};
	objectVersion = 50;
	objects = {

/* Begin PBXBuildFile section */
		C515BB392266DE150032EEDB /* Identifiable.swift in Sources */ = {isa = PBXBuildFile; fileRef = C515BB382266DE150032EEDB /* Identifiable.swift */; };
		C515BB3D22683BD20032EEDB /* MovieCollectionViewCell.swift in Sources */ = {isa = PBXBuildFile; fileRef = C515BB3C22683BD20032EEDB /* MovieCollectionViewCell.swift */; };
		C5DCF155226587550020B4B4 /* Config.swift in Sources */ = {isa = PBXBuildFile; fileRef = C5DCF154226587550020B4B4 /* Config.swift */; };
		C5DCF1572265875E0020B4B4 /* MovieServiceProtocol.swift in Sources */ = {isa = PBXBuildFile; fileRef = C5DCF1562265875E0020B4B4 /* MovieServiceProtocol.swift */; };
		C5DCF15B226589570020B4B4 /* MovieAPI.swift in Sources */ = {isa = PBXBuildFile; fileRef = C5DCF15A226589570020B4B4 /* MovieAPI.swift */; };
		C5DCF15D22658C960020B4B4 /* Result.swift in Sources */ = {isa = PBXBuildFile; fileRef = C5DCF15C22658C960020B4B4 /* Result.swift */; };
		C5DCF15F22658CB30020B4B4 /* APIError.swift in Sources */ = {isa = PBXBuildFile; fileRef = C5DCF15E22658CB30020B4B4 /* APIError.swift */; };
		C5DCF16122658D140020B4B4 /* Movie.swift in Sources */ = {isa = PBXBuildFile; fileRef = C5DCF16022658D140020B4B4 /* Movie.swift */; };
		C5DCF16322658E490020B4B4 /* PopuplarMovies.swift in Sources */ = {isa = PBXBuildFile; fileRef = C5DCF16222658E490020B4B4 /* PopuplarMovies.swift */; };
		C5DCF16522658F6B0020B4B4 /* Request.swift in Sources */ = {isa = PBXBuildFile; fileRef = C5DCF16422658F6B0020B4B4 /* Request.swift */; };
		C5E1FD29222ED89C00485EA9 /* AppDelegate.swift in Sources */ = {isa = PBXBuildFile; fileRef = C5E1FD28222ED89C00485EA9 /* AppDelegate.swift */; };
		C5E1FD2B222ED89C00485EA9 /* HomeViewController.swift in Sources */ = {isa = PBXBuildFile; fileRef = C5E1FD2A222ED89C00485EA9 /* HomeViewController.swift */; };
		C5E1FD30222ED89E00485EA9 /* Assets.xcassets in Resources */ = {isa = PBXBuildFile; fileRef = C5E1FD2F222ED89E00485EA9 /* Assets.xcassets */; };
		C5E1FD33222ED89E00485EA9 /* LaunchScreen.storyboard in Resources */ = {isa = PBXBuildFile; fileRef = C5E1FD31222ED89E00485EA9 /* LaunchScreen.storyboard */; };
		C5E1FD3E222ED89E00485EA9 /* MovieTests.swift in Sources */ = {isa = PBXBuildFile; fileRef = C5E1FD3D222ED89E00485EA9 /* MovieTests.swift */; };
		C5E1FD4B222EDDD700485EA9 /* Alamofire.framework in Frameworks */ = {isa = PBXBuildFile; fileRef = C5E1FD4A222EDDD700485EA9 /* Alamofire.framework */; };
		C5E1FD51222EF31200485EA9 /* LayoutKit.framework in Frameworks */ = {isa = PBXBuildFile; fileRef = C5E1FD50222EF31100485EA9 /* LayoutKit.framework */; };
		C5E1FD53222EF9D800485EA9 /* Coordinator.swift in Sources */ = {isa = PBXBuildFile; fileRef = C5E1FD52222EF9D800485EA9 /* Coordinator.swift */; };
		C5E1FD56222EFC5100485EA9 /* CodeView.swift in Sources */ = {isa = PBXBuildFile; fileRef = C5E1FD55222EFC5100485EA9 /* CodeView.swift */; };
		C5E1FD5A222F197E00485EA9 /* HomeView.swift in Sources */ = {isa = PBXBuildFile; fileRef = C5E1FD59222F197E00485EA9 /* HomeView.swift */; };
		C5E1FD5C222F1DC300485EA9 /* HomeViewModel.swift in Sources */ = {isa = PBXBuildFile; fileRef = C5E1FD5B222F1DC300485EA9 /* HomeViewModel.swift */; };
/* End PBXBuildFile section */

/* Begin PBXContainerItemProxy section */
		C5E1FD3A222ED89E00485EA9 /* PBXContainerItemProxy */ = {
			isa = PBXContainerItemProxy;
			containerPortal = C5E1FD1D222ED89C00485EA9 /* Project object */;
			proxyType = 1;
			remoteGlobalIDString = C5E1FD24222ED89C00485EA9;
			remoteInfo = Movie;
		};
/* End PBXContainerItemProxy section */

/* Begin PBXFileReference section */
		C515BB382266DE150032EEDB /* Identifiable.swift */ = {isa = PBXFileReference; lastKnownFileType = sourcecode.swift; path = Identifiable.swift; sourceTree = "<group>"; };
		C515BB3C22683BD20032EEDB /* MovieCollectionViewCell.swift */ = {isa = PBXFileReference; lastKnownFileType = sourcecode.swift; path = MovieCollectionViewCell.swift; sourceTree = "<group>"; };
		C5DCF154226587550020B4B4 /* Config.swift */ = {isa = PBXFileReference; lastKnownFileType = sourcecode.swift; path = Config.swift; sourceTree = "<group>"; };
		C5DCF1562265875E0020B4B4 /* MovieServiceProtocol.swift */ = {isa = PBXFileReference; lastKnownFileType = sourcecode.swift; path = MovieServiceProtocol.swift; sourceTree = "<group>"; };
		C5DCF15A226589570020B4B4 /* MovieAPI.swift */ = {isa = PBXFileReference; lastKnownFileType = sourcecode.swift; path = MovieAPI.swift; sourceTree = "<group>"; };
		C5DCF15C22658C960020B4B4 /* Result.swift */ = {isa = PBXFileReference; lastKnownFileType = sourcecode.swift; path = Result.swift; sourceTree = "<group>"; };
		C5DCF15E22658CB30020B4B4 /* APIError.swift */ = {isa = PBXFileReference; lastKnownFileType = sourcecode.swift; path = APIError.swift; sourceTree = "<group>"; };
		C5DCF16022658D140020B4B4 /* Movie.swift */ = {isa = PBXFileReference; lastKnownFileType = sourcecode.swift; path = Movie.swift; sourceTree = "<group>"; };
		C5DCF16222658E490020B4B4 /* PopuplarMovies.swift */ = {isa = PBXFileReference; lastKnownFileType = sourcecode.swift; path = PopuplarMovies.swift; sourceTree = "<group>"; };
		C5DCF16422658F6B0020B4B4 /* Request.swift */ = {isa = PBXFileReference; lastKnownFileType = sourcecode.swift; path = Request.swift; sourceTree = "<group>"; };
		C5E1FD25222ED89C00485EA9 /* Movie.app */ = {isa = PBXFileReference; explicitFileType = wrapper.application; includeInIndex = 0; path = Movie.app; sourceTree = BUILT_PRODUCTS_DIR; };
		C5E1FD28222ED89C00485EA9 /* AppDelegate.swift */ = {isa = PBXFileReference; lastKnownFileType = sourcecode.swift; path = AppDelegate.swift; sourceTree = "<group>"; };
		C5E1FD2A222ED89C00485EA9 /* HomeViewController.swift */ = {isa = PBXFileReference; lastKnownFileType = sourcecode.swift; path = HomeViewController.swift; sourceTree = "<group>"; };
		C5E1FD2F222ED89E00485EA9 /* Assets.xcassets */ = {isa = PBXFileReference; lastKnownFileType = folder.assetcatalog; path = Assets.xcassets; sourceTree = "<group>"; };
		C5E1FD32222ED89E00485EA9 /* Base */ = {isa = PBXFileReference; lastKnownFileType = file.storyboard; name = Base; path = Base.lproj/LaunchScreen.storyboard; sourceTree = "<group>"; };
		C5E1FD34222ED89E00485EA9 /* Info.plist */ = {isa = PBXFileReference; lastKnownFileType = text.plist.xml; path = Info.plist; sourceTree = "<group>"; };
		C5E1FD39222ED89E00485EA9 /* MovieTests.xctest */ = {isa = PBXFileReference; explicitFileType = wrapper.cfbundle; includeInIndex = 0; path = MovieTests.xctest; sourceTree = BUILT_PRODUCTS_DIR; };
		C5E1FD3D222ED89E00485EA9 /* MovieTests.swift */ = {isa = PBXFileReference; lastKnownFileType = sourcecode.swift; path = MovieTests.swift; sourceTree = "<group>"; };
		C5E1FD3F222ED89E00485EA9 /* Info.plist */ = {isa = PBXFileReference; lastKnownFileType = text.plist.xml; path = Info.plist; sourceTree = "<group>"; };
		C5E1FD4A222EDDD700485EA9 /* Alamofire.framework */ = {isa = PBXFileReference; lastKnownFileType = wrapper.framework; name = Alamofire.framework; path = Carthage/Build/iOS/Alamofire.framework; sourceTree = "<group>"; };
		C5E1FD50222EF31100485EA9 /* LayoutKit.framework */ = {isa = PBXFileReference; lastKnownFileType = wrapper.framework; name = LayoutKit.framework; path = Carthage/Build/iOS/LayoutKit.framework; sourceTree = "<group>"; };
		C5E1FD52222EF9D800485EA9 /* Coordinator.swift */ = {isa = PBXFileReference; lastKnownFileType = sourcecode.swift; path = Coordinator.swift; sourceTree = "<group>"; };
		C5E1FD55222EFC5100485EA9 /* CodeView.swift */ = {isa = PBXFileReference; lastKnownFileType = sourcecode.swift; path = CodeView.swift; sourceTree = "<group>"; };
		C5E1FD59222F197E00485EA9 /* HomeView.swift */ = {isa = PBXFileReference; lastKnownFileType = sourcecode.swift; path = HomeView.swift; sourceTree = "<group>"; };
		C5E1FD5B222F1DC300485EA9 /* HomeViewModel.swift */ = {isa = PBXFileReference; lastKnownFileType = sourcecode.swift; path = HomeViewModel.swift; sourceTree = "<group>"; };
/* End PBXFileReference section */

/* Begin PBXFrameworksBuildPhase section */
		C5E1FD22222ED89C00485EA9 /* Frameworks */ = {
			isa = PBXFrameworksBuildPhase;
			buildActionMask = 2147483647;
			files = (
				C5E1FD51222EF31200485EA9 /* LayoutKit.framework in Frameworks */,
				C5E1FD4B222EDDD700485EA9 /* Alamofire.framework in Frameworks */,
			);
			runOnlyForDeploymentPostprocessing = 0;
		};
		C5E1FD36222ED89E00485EA9 /* Frameworks */ = {
			isa = PBXFrameworksBuildPhase;
			buildActionMask = 2147483647;
			files = (
			);
			runOnlyForDeploymentPostprocessing = 0;
		};
/* End PBXFrameworksBuildPhase section */

/* Begin PBXGroup section */
		C515BB372266DDF70032EEDB /* Extensions */ = {
			isa = PBXGroup;
			children = (
				C515BB382266DE150032EEDB /* Identifiable.swift */,
			);
			path = Extensions;
			sourceTree = "<group>";
		};
		C515BB3B22683BC20032EEDB /* Cells */ = {
			isa = PBXGroup;
			children = (
				C515BB3C22683BD20032EEDB /* MovieCollectionViewCell.swift */,
			);
			path = Cells;
			sourceTree = "<group>";
		};
		C5DCF153226587320020B4B4 /* Service */ = {
			isa = PBXGroup;
			children = (
				C5DCF15E22658CB30020B4B4 /* APIError.swift */,
				C5DCF154226587550020B4B4 /* Config.swift */,
				C5DCF1562265875E0020B4B4 /* MovieServiceProtocol.swift */,
				C5DCF15A226589570020B4B4 /* MovieAPI.swift */,
				C5DCF15C22658C960020B4B4 /* Result.swift */,
				C5DCF16422658F6B0020B4B4 /* Request.swift */,
			);
			path = Service;
			sourceTree = "<group>";
		};
		C5DCF159226587B30020B4B4 /* Model */ = {
			isa = PBXGroup;
			children = (
				C5DCF16022658D140020B4B4 /* Movie.swift */,
				C5DCF16222658E490020B4B4 /* PopuplarMovies.swift */,
			);
			path = Model;
			sourceTree = "<group>";
		};
		C5E1FD1C222ED89C00485EA9 = {
			isa = PBXGroup;
			children = (
				C5E1FD27222ED89C00485EA9 /* Movie */,
				C5E1FD3C222ED89E00485EA9 /* MovieTests */,
				C5E1FD26222ED89C00485EA9 /* Products */,
				C5E1FD49222EDDD600485EA9 /* Frameworks */,
			);
			sourceTree = "<group>";
		};
		C5E1FD26222ED89C00485EA9 /* Products */ = {
			isa = PBXGroup;
			children = (
				C5E1FD25222ED89C00485EA9 /* Movie.app */,
				C5E1FD39222ED89E00485EA9 /* MovieTests.xctest */,
			);
			name = Products;
			sourceTree = "<group>";
		};
		C5E1FD27222ED89C00485EA9 /* Movie */ = {
			isa = PBXGroup;
			children = (
				C515BB372266DDF70032EEDB /* Extensions */,
				C5DCF159226587B30020B4B4 /* Model */,
				C5DCF153226587320020B4B4 /* Service */,
				C5E1FD58222F196B00485EA9 /* Home */,
				C5E1FD54222EFA2900485EA9 /* Resource */,
				C5E1FD52222EF9D800485EA9 /* Coordinator.swift */,
				C5E1FD55222EFC5100485EA9 /* CodeView.swift */,
			);
			path = Movie;
			sourceTree = "<group>";
		};
		C5E1FD3C222ED89E00485EA9 /* MovieTests */ = {
			isa = PBXGroup;
			children = (
				C5E1FD3D222ED89E00485EA9 /* MovieTests.swift */,
				C5E1FD3F222ED89E00485EA9 /* Info.plist */,
			);
			path = MovieTests;
			sourceTree = "<group>";
		};
		C5E1FD49222EDDD600485EA9 /* Frameworks */ = {
			isa = PBXGroup;
			children = (
				C5E1FD50222EF31100485EA9 /* LayoutKit.framework */,
				C5E1FD4A222EDDD700485EA9 /* Alamofire.framework */,
			);
			name = Frameworks;
			sourceTree = "<group>";
		};
		C5E1FD54222EFA2900485EA9 /* Resource */ = {
			isa = PBXGroup;
			children = (
				C5E1FD28222ED89C00485EA9 /* AppDelegate.swift */,
				C5E1FD2F222ED89E00485EA9 /* Assets.xcassets */,
				C5E1FD31222ED89E00485EA9 /* LaunchScreen.storyboard */,
				C5E1FD34222ED89E00485EA9 /* Info.plist */,
			);
			path = Resource;
			sourceTree = "<group>";
		};
		C5E1FD58222F196B00485EA9 /* Home */ = {
			isa = PBXGroup;
			children = (
				C515BB3B22683BC20032EEDB /* Cells */,
				C5E1FD2A222ED89C00485EA9 /* HomeViewController.swift */,
				C5E1FD59222F197E00485EA9 /* HomeView.swift */,
				C5E1FD5B222F1DC300485EA9 /* HomeViewModel.swift */,
			);
			path = Home;
			sourceTree = "<group>";
		};
/* End PBXGroup section */

/* Begin PBXNativeTarget section */
		C5E1FD24222ED89C00485EA9 /* Movie */ = {
			isa = PBXNativeTarget;
			buildConfigurationList = C5E1FD42222ED89E00485EA9 /* Build configuration list for PBXNativeTarget "Movie" */;
			buildPhases = (
				C5E1FD21222ED89C00485EA9 /* Sources */,
				C5E1FD22222ED89C00485EA9 /* Frameworks */,
				C5E1FD23222ED89C00485EA9 /* Resources */,
				C5E1FD57222F16F100485EA9 /* SwiftLint */,
				C5E1FD48222EDD2600485EA9 /* Carthage */,
			);
			buildRules = (
			);
			dependencies = (
			);
			name = Movie;
			productName = Movie;
			productReference = C5E1FD25222ED89C00485EA9 /* Movie.app */;
			productType = "com.apple.product-type.application";
		};
		C5E1FD38222ED89E00485EA9 /* MovieTests */ = {
			isa = PBXNativeTarget;
			buildConfigurationList = C5E1FD45222ED89E00485EA9 /* Build configuration list for PBXNativeTarget "MovieTests" */;
			buildPhases = (
				C5E1FD35222ED89E00485EA9 /* Sources */,
				C5E1FD36222ED89E00485EA9 /* Frameworks */,
				C5E1FD37222ED89E00485EA9 /* Resources */,
			);
			buildRules = (
			);
			dependencies = (
				C5E1FD3B222ED89E00485EA9 /* PBXTargetDependency */,
			);
			name = MovieTests;
			productName = MovieTests;
			productReference = C5E1FD39222ED89E00485EA9 /* MovieTests.xctest */;
			productType = "com.apple.product-type.bundle.unit-test";
		};
/* End PBXNativeTarget section */

/* Begin PBXProject section */
		C5E1FD1D222ED89C00485EA9 /* Project object */ = {
			isa = PBXProject;
			attributes = {
				LastSwiftUpdateCheck = 1010;
				LastUpgradeCheck = 1010;
				ORGANIZATIONNAME = "Richard Leh";
				TargetAttributes = {
					C5E1FD24222ED89C00485EA9 = {
						CreatedOnToolsVersion = 10.1;
					};
					C5E1FD38222ED89E00485EA9 = {
						CreatedOnToolsVersion = 10.1;
						LastSwiftMigration = 1020;
						TestTargetID = C5E1FD24222ED89C00485EA9;
					};
				};
			};
			buildConfigurationList = C5E1FD20222ED89C00485EA9 /* Build configuration list for PBXProject "Movie" */;
			compatibilityVersion = "Xcode 9.3";
			developmentRegion = en;
			hasScannedForEncodings = 0;
			knownRegions = (
				en,
				Base,
			);
			mainGroup = C5E1FD1C222ED89C00485EA9;
			productRefGroup = C5E1FD26222ED89C00485EA9 /* Products */;
			projectDirPath = "";
			projectRoot = "";
			targets = (
				C5E1FD24222ED89C00485EA9 /* Movie */,
				C5E1FD38222ED89E00485EA9 /* MovieTests */,
			);
		};
/* End PBXProject section */

/* Begin PBXResourcesBuildPhase section */
		C5E1FD23222ED89C00485EA9 /* Resources */ = {
			isa = PBXResourcesBuildPhase;
			buildActionMask = 2147483647;
			files = (
				C5E1FD33222ED89E00485EA9 /* LaunchScreen.storyboard in Resources */,
				C5E1FD30222ED89E00485EA9 /* Assets.xcassets in Resources */,
			);
			runOnlyForDeploymentPostprocessing = 0;
		};
		C5E1FD37222ED89E00485EA9 /* Resources */ = {
			isa = PBXResourcesBuildPhase;
			buildActionMask = 2147483647;
			files = (
			);
			runOnlyForDeploymentPostprocessing = 0;
		};
/* End PBXResourcesBuildPhase section */

/* Begin PBXShellScriptBuildPhase section */
		C5E1FD48222EDD2600485EA9 /* Carthage */ = {
			isa = PBXShellScriptBuildPhase;
			buildActionMask = 2147483647;
			files = (
			);
			inputFileListPaths = (
			);
			inputPaths = (
				"$(SRCROOT)/Carthage/Build/iOS/Alamofire.framework",
				"$(SRCROOT)/Carthage/Build/iOS/LayoutKit.framework",
			);
			name = Carthage;
			outputFileListPaths = (
			);
			outputPaths = (
				"$(BUILT_PRODUCTS_DIR)/$(FRAMEWORKS_FOLDER_PATH)/Alamofire.framework\n",
				"$(BUILT_PRODUCTS_DIR)/$(FRAMEWORKS_FOLDER_PATH)/LayoutKit.framework",
			);
			runOnlyForDeploymentPostprocessing = 0;
			shellPath = /bin/sh;
			shellScript = "/usr/local/bin/carthage copy-frameworks\n";
		};
		C5E1FD57222F16F100485EA9 /* SwiftLint */ = {
			isa = PBXShellScriptBuildPhase;
			buildActionMask = 2147483647;
			files = (
			);
			inputFileListPaths = (
			);
			inputPaths = (
			);
			name = SwiftLint;
			outputFileListPaths = (
			);
			outputPaths = (
			);
			runOnlyForDeploymentPostprocessing = 0;
			shellPath = /bin/sh;
			shellScript = "if which swiftlint >/dev/null; then\n    swiftlint\nelse\n    echo \"warning: SwiftLint not installed, download from https://github.com/realm/SwiftLint\"\nfi\n";
		};
/* End PBXShellScriptBuildPhase section */

/* Begin PBXSourcesBuildPhase section */
		C5E1FD21222ED89C00485EA9 /* Sources */ = {
			isa = PBXSourcesBuildPhase;
			buildActionMask = 2147483647;
			files = (
				C5E1FD2B222ED89C00485EA9 /* HomeViewController.swift in Sources */,
				C5DCF16322658E490020B4B4 /* PopuplarMovies.swift in Sources */,
				C5DCF155226587550020B4B4 /* Config.swift in Sources */,
				C5DCF16122658D140020B4B4 /* Movie.swift in Sources */,
				C5E1FD5C222F1DC300485EA9 /* HomeViewModel.swift in Sources */,
				C5DCF15F22658CB30020B4B4 /* APIError.swift in Sources */,
				C5DCF1572265875E0020B4B4 /* MovieServiceProtocol.swift in Sources */,
				C5E1FD29222ED89C00485EA9 /* AppDelegate.swift in Sources */,
				C5E1FD53222EF9D800485EA9 /* Coordinator.swift in Sources */,
				C5DCF15D22658C960020B4B4 /* Result.swift in Sources */,
				C5DCF15B226589570020B4B4 /* MovieAPI.swift in Sources */,
				C5DCF16522658F6B0020B4B4 /* Request.swift in Sources */,
				C5E1FD5A222F197E00485EA9 /* HomeView.swift in Sources */,
				C515BB392266DE150032EEDB /* Identifiable.swift in Sources */,
				C5E1FD56222EFC5100485EA9 /* CodeView.swift in Sources */,
				C515BB3D22683BD20032EEDB /* MovieCollectionViewCell.swift in Sources */,
			);
			runOnlyForDeploymentPostprocessing = 0;
		};
		C5E1FD35222ED89E00485EA9 /* Sources */ = {
			isa = PBXSourcesBuildPhase;
			buildActionMask = 2147483647;
			files = (
				C5E1FD3E222ED89E00485EA9 /* MovieTests.swift in Sources */,
			);
			runOnlyForDeploymentPostprocessing = 0;
		};
/* End PBXSourcesBuildPhase section */

/* Begin PBXTargetDependency section */
		C5E1FD3B222ED89E00485EA9 /* PBXTargetDependency */ = {
			isa = PBXTargetDependency;
			target = C5E1FD24222ED89C00485EA9 /* Movie */;
			targetProxy = C5E1FD3A222ED89E00485EA9 /* PBXContainerItemProxy */;
		};
/* End PBXTargetDependency section */

/* Begin PBXVariantGroup section */
		C5E1FD31222ED89E00485EA9 /* LaunchScreen.storyboard */ = {
			isa = PBXVariantGroup;
			children = (
				C5E1FD32222ED89E00485EA9 /* Base */,
			);
			name = LaunchScreen.storyboard;
			sourceTree = "<group>";
		};
/* End PBXVariantGroup section */

/* Begin XCBuildConfiguration section */
		C5E1FD40222ED89E00485EA9 /* Debug */ = {
			isa = XCBuildConfiguration;
			buildSettings = {
				ALWAYS_SEARCH_USER_PATHS = NO;
				CLANG_ANALYZER_NONNULL = YES;
				CLANG_ANALYZER_NUMBER_OBJECT_CONVERSION = YES_AGGRESSIVE;
				CLANG_CXX_LANGUAGE_STANDARD = "gnu++14";
				CLANG_CXX_LIBRARY = "libc++";
				CLANG_ENABLE_MODULES = YES;
				CLANG_ENABLE_OBJC_ARC = YES;
				CLANG_ENABLE_OBJC_WEAK = YES;
				CLANG_WARN_BLOCK_CAPTURE_AUTORELEASING = YES;
				CLANG_WARN_BOOL_CONVERSION = YES;
				CLANG_WARN_COMMA = YES;
				CLANG_WARN_CONSTANT_CONVERSION = YES;
				CLANG_WARN_DEPRECATED_OBJC_IMPLEMENTATIONS = YES;
				CLANG_WARN_DIRECT_OBJC_ISA_USAGE = YES_ERROR;
				CLANG_WARN_DOCUMENTATION_COMMENTS = YES;
				CLANG_WARN_EMPTY_BODY = YES;
				CLANG_WARN_ENUM_CONVERSION = YES;
				CLANG_WARN_INFINITE_RECURSION = YES;
				CLANG_WARN_INT_CONVERSION = YES;
				CLANG_WARN_NON_LITERAL_NULL_CONVERSION = YES;
				CLANG_WARN_OBJC_IMPLICIT_RETAIN_SELF = YES;
				CLANG_WARN_OBJC_LITERAL_CONVERSION = YES;
				CLANG_WARN_OBJC_ROOT_CLASS = YES_ERROR;
				CLANG_WARN_RANGE_LOOP_ANALYSIS = YES;
				CLANG_WARN_STRICT_PROTOTYPES = YES;
				CLANG_WARN_SUSPICIOUS_MOVE = YES;
				CLANG_WARN_UNGUARDED_AVAILABILITY = YES_AGGRESSIVE;
				CLANG_WARN_UNREACHABLE_CODE = YES;
				CLANG_WARN__DUPLICATE_METHOD_MATCH = YES;
				CODE_SIGN_IDENTITY = "iPhone Developer";
				COPY_PHASE_STRIP = NO;
				DEBUG_INFORMATION_FORMAT = dwarf;
				ENABLE_STRICT_OBJC_MSGSEND = YES;
				ENABLE_TESTABILITY = YES;
				GCC_C_LANGUAGE_STANDARD = gnu11;
				GCC_DYNAMIC_NO_PIC = NO;
				GCC_NO_COMMON_BLOCKS = YES;
				GCC_OPTIMIZATION_LEVEL = 0;
				GCC_PREPROCESSOR_DEFINITIONS = (
					"DEBUG=1",
					"$(inherited)",
				);
				GCC_WARN_64_TO_32_BIT_CONVERSION = YES;
				GCC_WARN_ABOUT_RETURN_TYPE = YES_ERROR;
				GCC_WARN_UNDECLARED_SELECTOR = YES;
				GCC_WARN_UNINITIALIZED_AUTOS = YES_AGGRESSIVE;
				GCC_WARN_UNUSED_FUNCTION = YES;
				GCC_WARN_UNUSED_VARIABLE = YES;
				IPHONEOS_DEPLOYMENT_TARGET = 12.1;
				MTL_ENABLE_DEBUG_INFO = INCLUDE_SOURCE;
				MTL_FAST_MATH = YES;
				ONLY_ACTIVE_ARCH = YES;
				SDKROOT = iphoneos;
				SWIFT_ACTIVE_COMPILATION_CONDITIONS = DEBUG;
				SWIFT_OPTIMIZATION_LEVEL = "-Onone";
			};
			name = Debug;
		};
		C5E1FD41222ED89E00485EA9 /* Release */ = {
			isa = XCBuildConfiguration;
			buildSettings = {
				ALWAYS_SEARCH_USER_PATHS = NO;
				CLANG_ANALYZER_NONNULL = YES;
				CLANG_ANALYZER_NUMBER_OBJECT_CONVERSION = YES_AGGRESSIVE;
				CLANG_CXX_LANGUAGE_STANDARD = "gnu++14";
				CLANG_CXX_LIBRARY = "libc++";
				CLANG_ENABLE_MODULES = YES;
				CLANG_ENABLE_OBJC_ARC = YES;
				CLANG_ENABLE_OBJC_WEAK = YES;
				CLANG_WARN_BLOCK_CAPTURE_AUTORELEASING = YES;
				CLANG_WARN_BOOL_CONVERSION = YES;
				CLANG_WARN_COMMA = YES;
				CLANG_WARN_CONSTANT_CONVERSION = YES;
				CLANG_WARN_DEPRECATED_OBJC_IMPLEMENTATIONS = YES;
				CLANG_WARN_DIRECT_OBJC_ISA_USAGE = YES_ERROR;
				CLANG_WARN_DOCUMENTATION_COMMENTS = YES;
				CLANG_WARN_EMPTY_BODY = YES;
				CLANG_WARN_ENUM_CONVERSION = YES;
				CLANG_WARN_INFINITE_RECURSION = YES;
				CLANG_WARN_INT_CONVERSION = YES;
				CLANG_WARN_NON_LITERAL_NULL_CONVERSION = YES;
				CLANG_WARN_OBJC_IMPLICIT_RETAIN_SELF = YES;
				CLANG_WARN_OBJC_LITERAL_CONVERSION = YES;
				CLANG_WARN_OBJC_ROOT_CLASS = YES_ERROR;
				CLANG_WARN_RANGE_LOOP_ANALYSIS = YES;
				CLANG_WARN_STRICT_PROTOTYPES = YES;
				CLANG_WARN_SUSPICIOUS_MOVE = YES;
				CLANG_WARN_UNGUARDED_AVAILABILITY = YES_AGGRESSIVE;
				CLANG_WARN_UNREACHABLE_CODE = YES;
				CLANG_WARN__DUPLICATE_METHOD_MATCH = YES;
				CODE_SIGN_IDENTITY = "iPhone Developer";
				COPY_PHASE_STRIP = NO;
				DEBUG_INFORMATION_FORMAT = "dwarf-with-dsym";
				ENABLE_NS_ASSERTIONS = NO;
				ENABLE_STRICT_OBJC_MSGSEND = YES;
				GCC_C_LANGUAGE_STANDARD = gnu11;
				GCC_NO_COMMON_BLOCKS = YES;
				GCC_WARN_64_TO_32_BIT_CONVERSION = YES;
				GCC_WARN_ABOUT_RETURN_TYPE = YES_ERROR;
				GCC_WARN_UNDECLARED_SELECTOR = YES;
				GCC_WARN_UNINITIALIZED_AUTOS = YES_AGGRESSIVE;
				GCC_WARN_UNUSED_FUNCTION = YES;
				GCC_WARN_UNUSED_VARIABLE = YES;
				IPHONEOS_DEPLOYMENT_TARGET = 12.1;
				MTL_ENABLE_DEBUG_INFO = NO;
				MTL_FAST_MATH = YES;
				SDKROOT = iphoneos;
				SWIFT_COMPILATION_MODE = wholemodule;
				SWIFT_OPTIMIZATION_LEVEL = "-O";
				VALIDATE_PRODUCT = YES;
			};
			name = Release;
		};
		C5E1FD43222ED89E00485EA9 /* Debug */ = {
			isa = XCBuildConfiguration;
			buildSettings = {
				ASSETCATALOG_COMPILER_APPICON_NAME = AppIcon;
				CODE_SIGN_STYLE = Automatic;
				DEVELOPMENT_TEAM = S8MTQKCG63;
				FRAMEWORK_SEARCH_PATHS = (
					"$(inherited)",
					"$(PROJECT_DIR)/Carthage/Build/iOS",
				);
				INFOPLIST_FILE = "$(SRCROOT)/Movie/Resource/Info.plist";
				LD_RUNPATH_SEARCH_PATHS = (
					"$(inherited)",
					"@executable_path/Frameworks",
				);
				PRODUCT_BUNDLE_IDENTIFIER = com.richardleh.Movie;
				PRODUCT_NAME = "$(TARGET_NAME)";
				SWIFT_VERSION = 5.0;
				TARGETED_DEVICE_FAMILY = "1,2";
			};
			name = Debug;
		};
		C5E1FD44222ED89E00485EA9 /* Release */ = {
			isa = XCBuildConfiguration;
			buildSettings = {
				ASSETCATALOG_COMPILER_APPICON_NAME = AppIcon;
				CODE_SIGN_STYLE = Automatic;
				DEVELOPMENT_TEAM = S8MTQKCG63;
				FRAMEWORK_SEARCH_PATHS = (
					"$(inherited)",
					"$(PROJECT_DIR)/Carthage/Build/iOS",
				);
				INFOPLIST_FILE = "$(SRCROOT)/Movie/Resource/Info.plist";
				LD_RUNPATH_SEARCH_PATHS = (
					"$(inherited)",
					"@executable_path/Frameworks",
				);
				PRODUCT_BUNDLE_IDENTIFIER = com.richardleh.Movie;
				PRODUCT_NAME = "$(TARGET_NAME)";
				SWIFT_VERSION = 5.0;
				TARGETED_DEVICE_FAMILY = "1,2";
			};
			name = Release;
		};
		C5E1FD46222ED89E00485EA9 /* Debug */ = {
			isa = XCBuildConfiguration;
			buildSettings = {
				ALWAYS_EMBED_SWIFT_STANDARD_LIBRARIES = YES;
				BUNDLE_LOADER = "$(TEST_HOST)";
				CODE_SIGN_STYLE = Automatic;
				INFOPLIST_FILE = MovieTests/Info.plist;
				LD_RUNPATH_SEARCH_PATHS = (
					"$(inherited)",
					"@executable_path/Frameworks",
					"@loader_path/Frameworks",
				);
				PRODUCT_BUNDLE_IDENTIFIER = com.richardleh.MovieTests;
				PRODUCT_NAME = "$(TARGET_NAME)";
				SWIFT_VERSION = 5.0;
				TARGETED_DEVICE_FAMILY = "1,2";
				TEST_HOST = "$(BUILT_PRODUCTS_DIR)/Movie.app/Movie";
			};
			name = Debug;
		};
		C5E1FD47222ED89E00485EA9 /* Release */ = {
			isa = XCBuildConfiguration;
			buildSettings = {
				ALWAYS_EMBED_SWIFT_STANDARD_LIBRARIES = YES;
				BUNDLE_LOADER = "$(TEST_HOST)";
				CODE_SIGN_STYLE = Automatic;
				INFOPLIST_FILE = MovieTests/Info.plist;
				LD_RUNPATH_SEARCH_PATHS = (
					"$(inherited)",
					"@executable_path/Frameworks",
					"@loader_path/Frameworks",
				);
				PRODUCT_BUNDLE_IDENTIFIER = com.richardleh.MovieTests;
				PRODUCT_NAME = "$(TARGET_NAME)";
				SWIFT_VERSION = 5.0;
				TARGETED_DEVICE_FAMILY = "1,2";
				TEST_HOST = "$(BUILT_PRODUCTS_DIR)/Movie.app/Movie";
			};
			name = Release;
		};
/* End XCBuildConfiguration section */

/* Begin XCConfigurationList section */
		C5E1FD20222ED89C00485EA9 /* Build configuration list for PBXProject "Movie" */ = {
			isa = XCConfigurationList;
			buildConfigurations = (
				C5E1FD40222ED89E00485EA9 /* Debug */,
				C5E1FD41222ED89E00485EA9 /* Release */,
			);
			defaultConfigurationIsVisible = 0;
			defaultConfigurationName = Release;
		};
		C5E1FD42222ED89E00485EA9 /* Build configuration list for PBXNativeTarget "Movie" */ = {
			isa = XCConfigurationList;
			buildConfigurations = (
				C5E1FD43222ED89E00485EA9 /* Debug */,
				C5E1FD44222ED89E00485EA9 /* Release */,
			);
			defaultConfigurationIsVisible = 0;
			defaultConfigurationName = Release;
		};
		C5E1FD45222ED89E00485EA9 /* Build configuration list for PBXNativeTarget "MovieTests" */ = {
			isa = XCConfigurationList;
			buildConfigurations = (
				C5E1FD46222ED89E00485EA9 /* Debug */,
				C5E1FD47222ED89E00485EA9 /* Release */,
			);
			defaultConfigurationIsVisible = 0;
			defaultConfigurationName = Release;
		};
/* End XCConfigurationList section */
	};
	rootObject = C5E1FD1D222ED89C00485EA9 /* Project object */;
}
