<?xml version="1.0" encoding="UTF-8"?>
<Scheme
   LastUpgradeVersion = "1010"
   version = "1.7">
   <BuildAction
      parallelizeBuildables = "YES"
      buildImplicitDependencies = "YES">
      <BuildActionEntries>
         <BuildActionEntry
            buildForTesting = "YES"
            buildForRunning = "YES"
            buildForProfiling = "YES"
            buildForArchiving = "YES"
            buildForAnalyzing = "YES">
            <BuildableReference
               BuildableIdentifier = "primary"
               BlueprintIdentifier = "C5E1FD24222ED89C00485EA9"
               BuildableName = "Movie.app"
               BlueprintName = "Movie"
               ReferencedContainer = "container:Movie.xcodeproj">
            </BuildableReference>
         </BuildActionEntry>
      </BuildActionEntries>
   </BuildAction>
   <TestAction
      buildConfiguration = "Debug"
      selectedDebuggerIdentifier = "Xcode.DebuggerFoundation.Debugger.LLDB"
      selectedLauncherIdentifier = "Xcode.DebuggerFoundation.Launcher.LLDB"
      systemAttachmentLifetime = "keepNever"
      userAttachmentLifetime = "keepAlways"
      codeCoverageEnabled = "YES"
      onlyGenerateCoverageForSpecifiedTargets = "YES"
      shouldUseLaunchSchemeArgsEnv = "NO">
      <CodeCoverageTargets>
         <BuildableReference
            BuildableIdentifier = "primary"
            BlueprintIdentifier = "C5E1FD24222ED89C00485EA9"
            BuildableName = "Movie.app"
            BlueprintName = "Movie"
            ReferencedContainer = "container:Movie.xcodeproj">
         </BuildableReference>
      </CodeCoverageTargets>
      <Testables>
         <TestableReference
            skipped = "NO"
            useTestSelectionWhitelist = "YES">
            <BuildableReference
               BuildableIdentifier = "primary"
               BlueprintIdentifier = "C5F2C61D226CD3DA0035AF1B"
               BuildableName = "MovieTests.xctest"
               BlueprintName = "MovieTests"
               ReferencedContainer = "container:Movie.xcodeproj">
            </BuildableReference>
            <SelectedTests>
               <Test
                  Identifier = "MoviePlaceholderTest/MoviePlaceholderTest___When_it_s_created__indicatorView_should_not_be_animating()">
               </Test>
               <Test
                  Identifier = "MoviePlaceholderTest/MoviePlaceholderTest___When_it_s_created__should_have_an_indicatorView_with__whiteLarge_style()">
               </Test>
               <Test
                  Identifier = "MoviePlaceholderTest/MoviePlaceholderTest___When_it_s_created_and_a_ImageView_is_added__indicatorView_should_be_animating()">
               </Test>
            </SelectedTests>
         </TestableReference>
      </Testables>
      <AdditionalOptions>
      </AdditionalOptions>
   </TestAction>
   <LaunchAction
      buildConfiguration = "Debug"
      selectedDebuggerIdentifier = "Xcode.DebuggerFoundation.Debugger.LLDB"
      selectedLauncherIdentifier = "Xcode.DebuggerFoundation.Launcher.LLDB"
      launchStyle = "1"
      useCustomWorkingDirectory = "NO"
      ignoresPersistentStateOnLaunch = "NO"
      debugDocumentVersioning = "YES"
      debugServiceExtension = "internal"
      allowLocationSimulation = "YES">
      <BuildableProductRunnable
         runnableDebuggingMode = "0">
         <BuildableReference
            BuildableIdentifier = "primary"
            BlueprintIdentifier = "C5E1FD24222ED89C00485EA9"
            BuildableName = "Movie.app"
            BlueprintName = "Movie"
            ReferencedContainer = "container:Movie.xcodeproj">
         </BuildableReference>
      </BuildableProductRunnable>
      <AdditionalOptions>
      </AdditionalOptions>
      <LocationScenarioReference
         identifier = "com.apple.dt.IDEFoundation.CurrentLocationScenarioIdentifier"
         referenceType = "1">
      </LocationScenarioReference>
   </LaunchAction>
   <ProfileAction
      buildConfiguration = "Release"
      shouldUseLaunchSchemeArgsEnv = "YES"
      savedToolIdentifier = ""
      useCustomWorkingDirectory = "NO"
      debugDocumentVersioning = "YES">
      <BuildableProductRunnable
         runnableDebuggingMode = "0">
         <BuildableReference
            BuildableIdentifier = "primary"
            BlueprintIdentifier = "C5E1FD24222ED89C00485EA9"
            BuildableName = "Movie.app"
            BlueprintName = "Movie"
            ReferencedContainer = "container:Movie.xcodeproj">
         </BuildableReference>
      </BuildableProductRunnable>
   </ProfileAction>
   <AnalyzeAction
      buildConfiguration = "Debug">
   </AnalyzeAction>
   <ArchiveAction
      buildConfiguration = "Release"
      customArchiveName = "Movie"
      revealArchiveInOrganizer = "YES">
   </ArchiveAction>
</Scheme>
